<?xml version="1.0" encoding="utf-8"?>
<Project ToolsVersion="4.0" xmlns="http://schemas.microsoft.com/developer/msbuild/2003">
  <ItemGroup>
    <Filter Include="Source Files">
      <UniqueIdentifier>{4FC737F1-C7A5-4376-A066-2A32D752A2FF}</UniqueIdentifier>
      <Extensions>cpp;c;cc;cxx;c++;cppm;ixx;def;odl;idl;hpj;bat;asm;asmx</Extensions>
    </Filter>
    <Filter Include="Header Files">
      <UniqueIdentifier>{93995380-89BD-4b04-88EB-625FBE52EBFB}</UniqueIdentifier>
      <Extensions>h;hh;hpp;hxx;h++;hm;inl;inc;ipp;xsd</Extensions>
    </Filter>
    <Filter Include="Resource Files">
      <UniqueIdentifier>{67DA6AB6-F800-4c08-8B7A-83BB121AAD01}</UniqueIdentifier>
      <Extensions>rc;ico;cur;bmp;dlg;rc2;rct;bin;rgs;gif;jpg;jpeg;jpe;resx;tiff;tif;png;wav;mfcribbon-ms</Extensions>
    </Filter>
    <Filter Include="Shader Files">
      <UniqueIdentifier>{6f759e1c-d7b5-4187-8ade-6fab6f932721}</UniqueIdentifier>
    </Filter>
    <Filter Include="Task Files">
      <UniqueIdentifier>{cfb25080-e9d6-430e-963a-86090161909d}</UniqueIdentifier>
    </Filter>
    <Filter Include="Header Files\RenderSystems">
      <UniqueIdentifier>{19e972b8-a55e-46df-9555-5d65171e0ac3}</UniqueIdentifier>
    </Filter>
    <Filter Include="Source Files\RenderSystems">
      <UniqueIdentifier>{995d096a-b448-4142-9de2-bc4d428b4a3b}</UniqueIdentifier>
    </Filter>
  </ItemGroup>
  <ItemGroup>
    <ClCompile Include="src\camera.cpp">
      <Filter>Source Files</Filter>
    </ClCompile>
    <ClCompile Include="src\descriptors.cpp">
      <Filter>Source Files</Filter>
    </ClCompile>
    <ClCompile Include="src\device.cpp">
      <Filter>Source Files</Filter>
    </ClCompile>
    <ClCompile Include="src\first_app.cpp">
      <Filter>Source Files</Filter>
    </ClCompile>
    <ClCompile Include="src\game_object.cpp">
      <Filter>Source Files</Filter>
    </ClCompile>
    <ClCompile Include="src\main.cpp">
      <Filter>Source Files</Filter>
    </ClCompile>
    <ClCompile Include="src\movement.cpp">
      <Filter>Source Files</Filter>
    </ClCompile>
    <ClCompile Include="src\pipeline.cpp">
      <Filter>Source Files</Filter>
    </ClCompile>
    <ClCompile Include="src\renderer.cpp">
      <Filter>Source Files</Filter>
    </ClCompile>
    <ClCompile Include="src\swap_chain.cpp">
      <Filter>Source Files</Filter>
    </ClCompile>
    <ClCompile Include="src\vertex_model.cpp">
      <Filter>Source Files</Filter>
    </ClCompile>
    <ClCompile Include="src\window.cpp">
      <Filter>Source Files</Filter>
    </ClCompile>
    <ClCompile Include="src\buffer.cpp">
      <Filter>Source Files</Filter>
    </ClCompile>
    <ClCompile Include="src\camera.cpp">
      <Filter>Source Files</Filter>
    </ClCompile>
    <ClCompile Include="src\device.cpp">
      <Filter>Source Files</Filter>
    </ClCompile>
    <ClCompile Include="src\first_app.cpp">
      <Filter>Source Files</Filter>
    </ClCompile>
    <ClCompile Include="src\game_object.cpp">
      <Filter>Source Files</Filter>
    </ClCompile>
    <ClCompile Include="src\movement.cpp">
      <Filter>Source Files</Filter>
    </ClCompile>
    <ClCompile Include="src\main.cpp">
      <Filter>Source Files</Filter>
    </ClCompile>
    <ClCompile Include="src\renderer.cpp">
      <Filter>Source Files</Filter>
    </ClCompile>
    <ClCompile Include="src\descriptors.cpp">
      <Filter>Source Files</Filter>
    </ClCompile>
    <ClCompile Include="src\swap_chain.cpp">
      <Filter>Source Files</Filter>
    </ClCompile>
    <ClCompile Include="src\vertex_model.cpp">
      <Filter>Source Files</Filter>
    </ClCompile>
    <ClCompile Include="src\window.cpp">
      <Filter>Source Files</Filter>
    </ClCompile>
    <ClCompile Include="src\pipeline.cpp">
      <Filter>Source Files</Filter>
    </ClCompile>
    <ClCompile Include="src\simple_render_system.cpp">
      <Filter>Source Files\RenderSystems</Filter>
    </ClCompile>
    <ClCompile Include="src\pointlight_render_system.cpp">
      <Filter>Source Files\RenderSystems</Filter>
    </ClCompile>
    <ClCompile Include="src\pointlight_render_system.cpp">
      <Filter>Source Files\RenderSystems</Filter>
    </ClCompile>
    <ClCompile Include="src\simple_render_system.cpp">
      <Filter>Source Files\RenderSystems</Filter>
    </ClCompile>
    <ClCompile Include="src\texture.cpp">
      <Filter>Source Files</Filter>
    </ClCompile>
    <ClCompile Include="src\main_render_system.cpp">
      <Filter>Source Files</Filter>
    </ClCompile>
  </ItemGroup>
  <ItemGroup>
    <ClInclude Include="src\camera.hpp">
      <Filter>Header Files</Filter>
    </ClInclude>
    <ClInclude Include="src\descriptors.hpp">
      <Filter>Header Files</Filter>
    </ClInclude>
    <ClInclude Include="src\device.hpp">
      <Filter>Header Files</Filter>
    </ClInclude>
    <ClInclude Include="src\first_app.hpp">
      <Filter>Header Files</Filter>
    </ClInclude>
    <ClInclude Include="src\frame.hpp">
      <Filter>Header Files</Filter>
    </ClInclude>
    <ClInclude Include="src\game_object.hpp">
      <Filter>Header Files</Filter>
    </ClInclude>
    <ClInclude Include="src\movement.hpp">
      <Filter>Header Files</Filter>
    </ClInclude>
    <ClInclude Include="src\pipeline.hpp">
      <Filter>Header Files</Filter>
    </ClInclude>
    <ClInclude Include="src\renderer.hpp">
      <Filter>Header Files</Filter>
    </ClInclude>
    <ClInclude Include="src\swap_chain.hpp">
      <Filter>Header Files</Filter>
    </ClInclude>
    <ClInclude Include="src\utils.hpp">
      <Filter>Header Files</Filter>
    </ClInclude>
    <ClInclude Include="src\vertex_base.hpp">
      <Filter>Header Files</Filter>
    </ClInclude>
    <ClInclude Include="src\vertex_model.hpp">
      <Filter>Header Files</Filter>
    </ClInclude>
    <ClInclude Include="src\window.hpp">
      <Filter>Header Files</Filter>
    </ClInclude>
    <ClInclude Include="src\buffer.hpp">
      <Filter>Header Files</Filter>
    </ClInclude>
    <ClInclude Include="src\camera.hpp">
      <Filter>Header Files</Filter>
    </ClInclude>
    <ClInclude Include="src\descriptors.hpp">
      <Filter>Header Files</Filter>
    </ClInclude>
    <ClInclude Include="src\device.hpp">
      <Filter>Header Files</Filter>
    </ClInclude>
    <ClInclude Include="src\frame.hpp">
      <Filter>Header Files</Filter>
    </ClInclude>
    <ClInclude Include="src\game_object.hpp">
      <Filter>Header Files</Filter>
    </ClInclude>
    <ClInclude Include="src\movement.hpp">
      <Filter>Header Files</Filter>
    </ClInclude>
    <ClInclude Include="src\pipeline.hpp">
      <Filter>Header Files</Filter>
    </ClInclude>
    <ClInclude Include="src\renderer.hpp">
      <Filter>Header Files</Filter>
    </ClInclude>
    <ClInclude Include="src\swap_chain.hpp">
      <Filter>Header Files</Filter>
    </ClInclude>
    <ClInclude Include="src\utils.hpp">
      <Filter>Header Files</Filter>
    </ClInclude>
    <ClInclude Include="src\vertex_base.hpp">
      <Filter>Header Files</Filter>
    </ClInclude>
    <ClInclude Include="src\vertex_model.hpp">
      <Filter>Header Files</Filter>
    </ClInclude>
    <ClInclude Include="src\window.hpp">
      <Filter>Header Files</Filter>
    </ClInclude>
    <ClInclude Include="src\first_app.hpp">
      <Filter>Header Files</Filter>
    </ClInclude>
    <ClInclude Include="src\simple_render_system.hpp">
      <Filter>Header Files\RenderSystems</Filter>
    </ClInclude>
    <ClInclude Include="src\pointlight_render_system.hpp">
      <Filter>Header Files\RenderSystems</Filter>
    </ClInclude>
    <ClInclude Include="src\simple_render_system.hpp">
      <Filter>Header Files\RenderSystems</Filter>
    </ClInclude>
    <ClInclude Include="src\pointlight_render_system.hpp">
      <Filter>Header Files\RenderSystems</Filter>
    </ClInclude>
    <ClInclude Include="src\texture.hpp">
      <Filter>Header Files</Filter>
    </ClInclude>
    <ClInclude Include="src\main_render_system.hpp">
      <Filter>Header Files\RenderSystems</Filter>
    </ClInclude>
  </ItemGroup>
  <ItemGroup>
    <None Include="shaders\simple_shader.vert">
      <Filter>Shader Files</Filter>
    </None>
    <None Include="task\windows_build.bat">
      <Filter>Task Files</Filter>
    </None>
    <None Include="shaders\simple_shader.frag">
      <Filter>Shader Files</Filter>
    </None>
    <None Include="ClassDiagram.cd" />
    <None Include="task\compile_shaders.bat">
      <Filter>Task Files</Filter>
    </None>
    <None Include="shaders\point_light.frag">
      <Filter>Shader Files</Filter>
    </None>
    <None Include="shaders\point_light.vert">
      <Filter>Shader Files</Filter>
    </None>
    <None Include="task\unix_build.sh">
      <Filter>Task Files</Filter>
    </None>
    <None Include="task\windows_build.bat">
      <Filter>Task Files</Filter>
    </None>
  </ItemGroup>
</Project>